
Microsoft Visual Studio Solution File, Format Version 12.00
# Visual Studio 15
VisualStudioVersion = 15.0.28010.2026
MinimumVisualStudioVersion = 10.0.40219.1
Project("{FAE04EC0-301F-11D3-BF4B-00C04F79EFBC}") = "UltimateTicTacToeLib", "UltimateTicTacToeLib\UltimateTicTacToeLib.csproj", "{CAA95322-17EF-4BE9-92B5-5FD23AABDD6C}"
EndProject
Project("{FAE04EC0-301F-11D3-BF4B-00C04F79EFBC}") = "TicTacToeWPF", "TicTacToeWPF\TicTacToeWPF.csproj", "{729AAAC5-6EA8-48C4-8CA7-0614828E9696}"
EndProject
Project("{FAE04EC0-301F-11D3-BF4B-00C04F79EFBC}") = "TicTacToeConsole", "TicTacToeConsole\TicTacToeConsole.csproj", "{DB641C72-AD48-40F5-9319-D5247B28BA52}"
EndProject
Global
	GlobalSection(SolutionConfigurationPlatforms) = preSolution
		Debug|Any CPU = Debug|Any CPU
		Release|Any CPU = Release|Any CPU
	EndGlobalSection
	GlobalSection(ProjectConfigurationPlatforms) = postSolution
		{CAA95322-17EF-4BE9-92B5-5FD23AABDD6C}.Debug|Any CPU.ActiveCfg = Debug|Any CPU
		{CAA95322-17EF-4BE9-92B5-5FD23AABDD6C}.Debug|Any CPU.Build.0 = Debug|Any CPU
		{CAA95322-17EF-4BE9-92B5-5FD23AABDD6C}.Release|Any CPU.ActiveCfg = Release|Any CPU
		{CAA95322-17EF-4BE9-92B5-5FD23AABDD6C}.Release|Any CPU.Build.0 = Release|Any CPU
		{729AAAC5-6EA8-48C4-8CA7-0614828E9696}.Debug|Any CPU.ActiveCfg = Debug|Any CPU
		{729AAAC5-6EA8-48C4-8CA7-0614828E9696}.Debug|Any CPU.Build.0 = Debug|Any CPU
		{729AAAC5-6EA8-48C4-8CA7-0614828E9696}.Release|Any CPU.ActiveCfg = Release|Any CPU
		{729AAAC5-6EA8-48C4-8CA7-0614828E9696}.Release|Any CPU.Build.0 = Release|Any CPU
		{DB641C72-AD48-40F5-9319-D5247B28BA52}.Debug|Any CPU.ActiveCfg = Debug|Any CPU
		{DB641C72-AD48-40F5-9319-D5247B28BA52}.Debug|Any CPU.Build.0 = Debug|Any CPU
		{DB641C72-AD48-40F5-9319-D5247B28BA52}.Release|Any CPU.ActiveCfg = Release|Any CPU
		{DB641C72-AD48-40F5-9319-D5247B28BA52}.Release|Any CPU.Build.0 = Release|Any CPU
	EndGlobalSection
	GlobalSection(SolutionProperties) = preSolution
		HideSolutionNode = FALSE
	EndGlobalSection
	GlobalSection(ExtensibilityGlobals) = postSolution
		SolutionGuid = {930228A0-A35F-4ECC-97A3-B926989F4043}
	EndGlobalSection
EndGlobal
